
Microsoft Visual Studio Solution File, Format Version 12.00
# Visual Studio 2013
VisualStudioVersion = 12.0.30501.0
MinimumVisualStudioVersion = 10.0.40219.1
Project("{FAE04EC0-301F-11D3-BF4B-00C04F79EFBC}") = "Polymorphy", "Polymorphy\Polymorphy.csproj", "{20B1533C-29D4-4043-A505-E49ADAD2B2EC}"
EndProject
Project("{FAE04EC0-301F-11D3-BF4B-00C04F79EFBC}") = "Polymorphy.Application", "Polymorphy.Application\Polymorphy.Application.csproj", "{1E22DE05-5702-4BF5-8BF0-D37DBDDEE2A1}"
EndProject
Global
	GlobalSection(SolutionConfigurationPlatforms) = preSolution
		Debug|Any CPU = Debug|Any CPU
		Release|Any CPU = Release|Any CPU
	EndGlobalSection
	GlobalSection(ProjectConfigurationPlatforms) = postSolution
		{20B1533C-29D4-4043-A505-E49ADAD2B2EC}.Debug|Any CPU.ActiveCfg = Debug|Any CPU
		{20B1533C-29D4-4043-A505-E49ADAD2B2EC}.Debug|Any CPU.Build.0 = Debug|Any CPU
		{20B1533C-29D4-4043-A505-E49ADAD2B2EC}.Release|Any CPU.ActiveCfg = Release|Any CPU
		{20B1533C-29D4-4043-A505-E49ADAD2B2EC}.Release|Any CPU.Build.0 = Release|Any CPU
		{1E22DE05-5702-4BF5-8BF0-D37DBDDEE2A1}.Debug|Any CPU.ActiveCfg = Debug|Any CPU
		{1E22DE05-5702-4BF5-8BF0-D37DBDDEE2A1}.Debug|Any CPU.Build.0 = Debug|Any CPU
		{1E22DE05-5702-4BF5-8BF0-D37DBDDEE2A1}.Release|Any CPU.ActiveCfg = Release|Any CPU
		{1E22DE05-5702-4BF5-8BF0-D37DBDDEE2A1}.Release|Any CPU.Build.0 = Release|Any CPU
	EndGlobalSection
	GlobalSection(SolutionProperties) = preSolution
		HideSolutionNode = FALSE
	EndGlobalSection
EndGlobal
