
Microsoft Visual Studio Solution File, Format Version 12.00
# Visual Studio 2013
VisualStudioVersion = 12.0.30501.0
MinimumVisualStudioVersion = 10.0.40219.1
Project("{FAE04EC0-301F-11D3-BF4B-00C04F79EFBC}") = "HowTo-Threading", "HowTo-Threading\HowTo-Threading.csproj", "{E1B650B0-76CE-4192-8316-63FBE0A81FB2}"
EndProject
Project("{FAE04EC0-301F-11D3-BF4B-00C04F79EFBC}") = "Threading with Events", "Threading with Events\Threading with Events.csproj", "{8CDB615C-3340-40C3-89AC-9B8E4212A674}"
EndProject
Global
	GlobalSection(SolutionConfigurationPlatforms) = preSolution
		Debug|Any CPU = Debug|Any CPU
		Release|Any CPU = Release|Any CPU
	EndGlobalSection
	GlobalSection(ProjectConfigurationPlatforms) = postSolution
		{E1B650B0-76CE-4192-8316-63FBE0A81FB2}.Debug|Any CPU.ActiveCfg = Debug|Any CPU
		{E1B650B0-76CE-4192-8316-63FBE0A81FB2}.Debug|Any CPU.Build.0 = Debug|Any CPU
		{E1B650B0-76CE-4192-8316-63FBE0A81FB2}.Release|Any CPU.ActiveCfg = Release|Any CPU
		{E1B650B0-76CE-4192-8316-63FBE0A81FB2}.Release|Any CPU.Build.0 = Release|Any CPU
		{8CDB615C-3340-40C3-89AC-9B8E4212A674}.Debug|Any CPU.ActiveCfg = Debug|Any CPU
		{8CDB615C-3340-40C3-89AC-9B8E4212A674}.Debug|Any CPU.Build.0 = Debug|Any CPU
		{8CDB615C-3340-40C3-89AC-9B8E4212A674}.Release|Any CPU.ActiveCfg = Release|Any CPU
		{8CDB615C-3340-40C3-89AC-9B8E4212A674}.Release|Any CPU.Build.0 = Release|Any CPU
	EndGlobalSection
	GlobalSection(SolutionProperties) = preSolution
		HideSolutionNode = FALSE
	EndGlobalSection
EndGlobal
